PODS:
  - Starscream (4.0.6)
  - SwiftFormat/CLI (0.49.18)
  - SwiftLint (0.51.0)

DEPENDENCIES:
  - Starscream (= 4.0.6)
  - SwiftFormat/CLI (~> 0.49.0)
  - SwiftLint

SPEC REPOS:
  trunk:
    - Starscream
    - SwiftFormat
    - SwiftLint

SPEC CHECKSUMS:
  Starscream: fb2c4510bebf908c62bd383bcf05e673720e91fd
  SwiftFormat: 2402d29b26746f169cce5454d5af88314cbb2e35
  SwiftLint: 1b7561918a19e23bfed960e40759086e70f4dba5

PODFILE CHECKSUM: b94f02256ff5a6f12fc4b37d62ab6b5f7f5c5c76

COCOAPODS: 1.15.2
