PODS:
  - Starscream (4.0.8)
  - SwiftFormat/CLI (0.60.1)
  - SwiftLint (0.63.2)

DEPENDENCIES:
  - Starscream (= 4.0.8)
  - SwiftFormat/CLI (~> 0.60.1)
  - SwiftLint

SPEC REPOS:
  trunk:
    - Starscream
    - SwiftFormat
    - SwiftLint

SPEC CHECKSUMS:
  Starscream: 19b5533ddb925208db698f0ac508a100b884a1b9
  SwiftFormat: d32a8ff584c3e08fb5b0eb7f5dc610e02067df53
  SwiftLint: 4fa4a9b437ccc4fc72f6c0bc98556e8e9e05bccf

PODFILE CHECKSUM: eeba04950ce1b3e579de3d9151400261d208337d

COCOAPODS: 1.16.2
