PODS:
  - SwiftFormat/CLI (0.49.18)
  - SwiftLint (0.51.0)

DEPENDENCIES:
  - SwiftFormat/CLI (~> 0.49.0)
  - SwiftLint

SPEC REPOS:
  trunk:
    - SwiftFormat
    - SwiftLint

SPEC CHECKSUMS:
  SwiftFormat: 2402d29b26746f169cce5454d5af88314cbb2e35
  SwiftLint: 1b7561918a19e23bfed960e40759086e70f4dba5

PODFILE CHECKSUM: fc925762b8490c614270f2b73526fa82700a1eb8

COCOAPODS: 1.14.3
